// !$*UTF8*$!
{
	archiveVersion = 1;
	classes = {
	};
	objectVersion = 56;
	objects = {

/* Begin PBXBuildFile section */
		3694D4412C60B9EB00763CB2 /* HomePageVC.swift in Sources */ = {isa = PBXBuildFile; fileRef = 3694D4402C60B9EB00763CB2 /* HomePageVC.swift */; };
		3694D4432C60BC1800763CB2 /* BooksTableViewCell.swift in Sources */ = {isa = PBXBuildFile; fileRef = 3694D4422C60BC1800763CB2 /* BooksTableViewCell.swift */; };
		3694D4462C60C1FE00763CB2 /* Book+CoreDataClass.swift in Sources */ = {isa = PBXBuildFile; fileRef = 3694D4442C60C1FE00763CB2 /* Book+CoreDataClass.swift */; };
		3694D4472C60C1FE00763CB2 /* Book+CoreDataProperties.swift in Sources */ = {isa = PBXBuildFile; fileRef = 3694D4452C60C1FE00763CB2 /* Book+CoreDataProperties.swift */; };
		3694D44B2C60C57B00763CB2 /* CustomAlertView.swift in Sources */ = {isa = PBXBuildFile; fileRef = 3694D44A2C60C57B00763CB2 /* CustomAlertView.swift */; };
		36A9DB922C61119800C88270 /* AddPageVC.swift in Sources */ = {isa = PBXBuildFile; fileRef = 36A9DB912C61119800C88270 /* AddPageVC.swift */; };
		36A9DB962C6113B400C88270 /* UIViewController+Ext.swift in Sources */ = {isa = PBXBuildFile; fileRef = 36A9DB952C6113B400C88270 /* UIViewController+Ext.swift */; };
		36C2EC6D2C5FCBED00EDF063 /* AppDelegate.swift in Sources */ = {isa = PBXBuildFile; fileRef = 36C2EC6C2C5FCBED00EDF063 /* AppDelegate.swift */; };
		36C2EC6F2C5FCBED00EDF063 /* SceneDelegate.swift in Sources */ = {isa = PBXBuildFile; fileRef = 36C2EC6E2C5FCBED00EDF063 /* SceneDelegate.swift */; };
		36C2EC742C5FCBED00EDF063 /* Base in Resources */ = {isa = PBXBuildFile; fileRef = 36C2EC732C5FCBED00EDF063 /* Base */; };
		36C2EC772C5FCBED00EDF063 /* MyBooks.xcdatamodeld in Sources */ = {isa = PBXBuildFile; fileRef = 36C2EC752C5FCBED00EDF063 /* MyBooks.xcdatamodeld */; };
		36C2EC792C5FCBEE00EDF063 /* Assets.xcassets in Resources */ = {isa = PBXBuildFile; fileRef = 36C2EC782C5FCBEE00EDF063 /* Assets.xcassets */; };
		36C2EC7C2C5FCBEE00EDF063 /* Base in Resources */ = {isa = PBXBuildFile; fileRef = 36C2EC7B2C5FCBEE00EDF063 /* Base */; };
/* End PBXBuildFile section */

/* Begin PBXFileReference section */
		3694D4402C60B9EB00763CB2 /* HomePageVC.swift */ = {isa = PBXFileReference; lastKnownFileType = sourcecode.swift; path = HomePageVC.swift; sourceTree = "<group>"; };
		3694D4422C60BC1800763CB2 /* BooksTableViewCell.swift */ = {isa = PBXFileReference; lastKnownFileType = sourcecode.swift; path = BooksTableViewCell.swift; sourceTree = "<group>"; };
		3694D4442C60C1FE00763CB2 /* Book+CoreDataClass.swift */ = {isa = PBXFileReference; lastKnownFileType = sourcecode.swift; path = "Book+CoreDataClass.swift"; sourceTree = "<group>"; };
		3694D4452C60C1FE00763CB2 /* Book+CoreDataProperties.swift */ = {isa = PBXFileReference; lastKnownFileType = sourcecode.swift; path = "Book+CoreDataProperties.swift"; sourceTree = "<group>"; };
		3694D44A2C60C57B00763CB2 /* CustomAlertView.swift */ = {isa = PBXFileReference; lastKnownFileType = sourcecode.swift; path = CustomAlertView.swift; sourceTree = "<group>"; };
		36A9DB912C61119800C88270 /* AddPageVC.swift */ = {isa = PBXFileReference; lastKnownFileType = sourcecode.swift; path = AddPageVC.swift; sourceTree = "<group>"; };
		36A9DB952C6113B400C88270 /* UIViewController+Ext.swift */ = {isa = PBXFileReference; lastKnownFileType = sourcecode.swift; path = "UIViewController+Ext.swift"; sourceTree = "<group>"; };
		36C2EC692C5FCBED00EDF063 /* MyBooks.app */ = {isa = PBXFileReference; explicitFileType = wrapper.application; includeInIndex = 0; path = MyBooks.app; sourceTree = BUILT_PRODUCTS_DIR; };
		36C2EC6C2C5FCBED00EDF063 /* AppDelegate.swift */ = {isa = PBXFileReference; lastKnownFileType = sourcecode.swift; path = AppDelegate.swift; sourceTree = "<group>"; };
		36C2EC6E2C5FCBED00EDF063 /* SceneDelegate.swift */ = {isa = PBXFileReference; lastKnownFileType = sourcecode.swift; path = SceneDelegate.swift; sourceTree = "<group>"; };
		36C2EC732C5FCBED00EDF063 /* Base */ = {isa = PBXFileReference; lastKnownFileType = file.storyboard; name = Base; path = Base.lproj/Main.storyboard; sourceTree = "<group>"; };
		36C2EC762C5FCBED00EDF063 /* MyBooks.xcdatamodel */ = {isa = PBXFileReference; lastKnownFileType = wrapper.xcdatamodel; path = MyBooks.xcdatamodel; sourceTree = "<group>"; };
		36C2EC782C5FCBEE00EDF063 /* Assets.xcassets */ = {isa = PBXFileReference; lastKnownFileType = folder.assetcatalog; path = Assets.xcassets; sourceTree = "<group>"; };
		36C2EC7B2C5FCBEE00EDF063 /* Base */ = {isa = PBXFileReference; lastKnownFileType = file.storyboard; name = Base; path = Base.lproj/LaunchScreen.storyboard; sourceTree = "<group>"; };
		36C2EC7D2C5FCBEE00EDF063 /* Info.plist */ = {isa = PBXFileReference; lastKnownFileType = text.plist.xml; path = Info.plist; sourceTree = "<group>"; };
/* End PBXFileReference section */

/* Begin PBXFrameworksBuildPhase section */
		36C2EC662C5FCBED00EDF063 /* Frameworks */ = {
			isa = PBXFrameworksBuildPhase;
			buildActionMask = 2147483647;
			files = (
			);
			runOnlyForDeploymentPostprocessing = 0;
		};
/* End PBXFrameworksBuildPhase section */

/* Begin PBXGroup section */
		3694D43F2C60B9B700763CB2 /* HomePage */ = {
			isa = PBXGroup;
			children = (
				3694D4402C60B9EB00763CB2 /* HomePageVC.swift */,
				3694D4422C60BC1800763CB2 /* BooksTableViewCell.swift */,
			);
			path = HomePage;
			sourceTree = "<group>";
		};
		3694D4482C60C53800763CB2 /* UI */ = {
			isa = PBXGroup;
			children = (
				3694D4492C60C55C00763CB2 /* AlertView */,
			);
			path = UI;
			sourceTree = "<group>";
		};
		3694D4492C60C55C00763CB2 /* AlertView */ = {
			isa = PBXGroup;
			children = (
				3694D44A2C60C57B00763CB2 /* CustomAlertView.swift */,
			);
			path = AlertView;
			sourceTree = "<group>";
		};
		36A9DB902C61116400C88270 /* AddPage */ = {
			isa = PBXGroup;
			children = (
				36A9DB912C61119800C88270 /* AddPageVC.swift */,
			);
			path = AddPage;
			sourceTree = "<group>";
		};
		36A9DB932C61138C00C88270 /* Common */ = {
			isa = PBXGroup;
			children = (
				36A9DB942C61139E00C88270 /* Extensions */,
			);
			path = Common;
			sourceTree = "<group>";
		};
		36A9DB942C61139E00C88270 /* Extensions */ = {
			isa = PBXGroup;
			children = (
				36A9DB952C6113B400C88270 /* UIViewController+Ext.swift */,
			);
			path = Extensions;
			sourceTree = "<group>";
		};
		36C2EC602C5FCBED00EDF063 = {
			isa = PBXGroup;
			children = (
				36C2EC6B2C5FCBED00EDF063 /* MyBooks */,
				36C2EC6A2C5FCBED00EDF063 /* Products */,
			);
			sourceTree = "<group>";
		};
		36C2EC6A2C5FCBED00EDF063 /* Products */ = {
			isa = PBXGroup;
			children = (
				36C2EC692C5FCBED00EDF063 /* MyBooks.app */,
			);
			name = Products;
			sourceTree = "<group>";
		};
		36C2EC6B2C5FCBED00EDF063 /* MyBooks */ = {
			isa = PBXGroup;
			children = (
				36C2EC892C5FCC4900EDF063 /* App */,
				36C2EC882C5FCC4500EDF063 /* Base */,
				36C2EC872C5FCC4200EDF063 /* Model */,
				36C2EC862C5FCC3B00EDF063 /* View */,
				36C2EC852C5FCC3700EDF063 /* Scenes */,
				3694D4482C60C53800763CB2 /* UI */,
				36A9DB932C61138C00C88270 /* Common */,
				36C2EC842C5FCC3200EDF063 /* Supports */,
				36C2EC832C5FCC2C00EDF063 /* Database */,
			);
			path = MyBooks;
			sourceTree = "<group>";
		};
		36C2EC832C5FCC2C00EDF063 /* Database */ = {
			isa = PBXGroup;
			children = (
				36C2EC752C5FCBED00EDF063 /* MyBooks.xcdatamodeld */,
			);
			path = Database;
			sourceTree = "<group>";
		};
		36C2EC842C5FCC3200EDF063 /* Supports */ = {
			isa = PBXGroup;
			children = (
				36C2EC782C5FCBEE00EDF063 /* Assets.xcassets */,
				36C2EC7D2C5FCBEE00EDF063 /* Info.plist */,
			);
			path = Supports;
			sourceTree = "<group>";
		};
		36C2EC852C5FCC3700EDF063 /* Scenes */ = {
			isa = PBXGroup;
			children = (
				3694D43F2C60B9B700763CB2 /* HomePage */,
				36A9DB902C61116400C88270 /* AddPage */,
			);
			path = Scenes;
			sourceTree = "<group>";
		};
		36C2EC862C5FCC3B00EDF063 /* View */ = {
			isa = PBXGroup;
			children = (
				36C2EC722C5FCBED00EDF063 /* Main.storyboard */,
			);
			path = View;
			sourceTree = "<group>";
		};
		36C2EC872C5FCC4200EDF063 /* Model */ = {
			isa = PBXGroup;
			children = (
				3694D4442C60C1FE00763CB2 /* Book+CoreDataClass.swift */,
				3694D4452C60C1FE00763CB2 /* Book+CoreDataProperties.swift */,
			);
			path = Model;
			sourceTree = "<group>";
		};
		36C2EC882C5FCC4500EDF063 /* Base */ = {
			isa = PBXGroup;
			children = (
				36C2EC7A2C5FCBEE00EDF063 /* LaunchScreen.storyboard */,
			);
			path = Base;
			sourceTree = "<group>";
		};
		36C2EC892C5FCC4900EDF063 /* App */ = {
			isa = PBXGroup;
			children = (
				36C2EC6C2C5FCBED00EDF063 /* AppDelegate.swift */,
				36C2EC6E2C5FCBED00EDF063 /* SceneDelegate.swift */,
			);
			path = App;
			sourceTree = "<group>";
		};
/* End PBXGroup section */

/* Begin PBXNativeTarget section */
		36C2EC682C5FCBED00EDF063 /* MyBooks */ = {
			isa = PBXNativeTarget;
			buildConfigurationList = 36C2EC802C5FCBEE00EDF063 /* Build configuration list for PBXNativeTarget "MyBooks" */;
			buildPhases = (
				36C2EC652C5FCBED00EDF063 /* Sources */,
				36C2EC662C5FCBED00EDF063 /* Frameworks */,
				36C2EC672C5FCBED00EDF063 /* Resources */,
			);
			buildRules = (
			);
			dependencies = (
			);
			name = MyBooks;
			productName = MyBooks;
			productReference = 36C2EC692C5FCBED00EDF063 /* MyBooks.app */;
			productType = "com.apple.product-type.application";
		};
/* End PBXNativeTarget section */

/* Begin PBXProject section */
		36C2EC612C5FCBED00EDF063 /* Project object */ = {
			isa = PBXProject;
			attributes = {
				BuildIndependentTargetsInParallel = 1;
				LastSwiftUpdateCheck = 1530;
				LastUpgradeCheck = 1530;
				TargetAttributes = {
					36C2EC682C5FCBED00EDF063 = {
						CreatedOnToolsVersion = 15.3;
					};
				};
			};
			buildConfigurationList = 36C2EC642C5FCBED00EDF063 /* Build configuration list for PBXProject "MyBooks" */;
			compatibilityVersion = "Xcode 14.0";
			developmentRegion = en;
			hasScannedForEncodings = 0;
			knownRegions = (
				en,
				Base,
			);
			mainGroup = 36C2EC602C5FCBED00EDF063;
			productRefGroup = 36C2EC6A2C5FCBED00EDF063 /* Products */;
			projectDirPath = "";
			projectRoot = "";
			targets = (
				36C2EC682C5FCBED00EDF063 /* MyBooks */,
			);
		};
/* End PBXProject section */

/* Begin PBXResourcesBuildPhase section */
		36C2EC672C5FCBED00EDF063 /* Resources */ = {
			isa = PBXResourcesBuildPhase;
			buildActionMask = 2147483647;
			files = (
				36C2EC792C5FCBEE00EDF063 /* Assets.xcassets in Resources */,
				36C2EC7C2C5FCBEE00EDF063 /* Base in Resources */,
				36C2EC742C5FCBED00EDF063 /* Base in Resources */,
			);
			runOnlyForDeploymentPostprocessing = 0;
		};
/* End PBXResourcesBuildPhase section */

/* Begin PBXSourcesBuildPhase section */
		36C2EC652C5FCBED00EDF063 /* Sources */ = {
			isa = PBXSourcesBuildPhase;
			buildActionMask = 2147483647;
			files = (
				3694D4432C60BC1800763CB2 /* BooksTableViewCell.swift in Sources */,
				36C2EC772C5FCBED00EDF063 /* MyBooks.xcdatamodeld in Sources */,
				36A9DB962C6113B400C88270 /* UIViewController+Ext.swift in Sources */,
				36A9DB922C61119800C88270 /* AddPageVC.swift in Sources */,
				3694D4462C60C1FE00763CB2 /* Book+CoreDataClass.swift in Sources */,
				3694D4472C60C1FE00763CB2 /* Book+CoreDataProperties.swift in Sources */,
				36C2EC6D2C5FCBED00EDF063 /* AppDelegate.swift in Sources */,
				3694D4412C60B9EB00763CB2 /* HomePageVC.swift in Sources */,
				3694D44B2C60C57B00763CB2 /* CustomAlertView.swift in Sources */,
				36C2EC6F2C5FCBED00EDF063 /* SceneDelegate.swift in Sources */,
			);
			runOnlyForDeploymentPostprocessing = 0;
		};
/* End PBXSourcesBuildPhase section */

/* Begin PBXVariantGroup section */
		36C2EC722C5FCBED00EDF063 /* Main.storyboard */ = {
			isa = PBXVariantGroup;
			children = (
				36C2EC732C5FCBED00EDF063 /* Base */,
			);
			name = Main.storyboard;
			sourceTree = "<group>";
		};
		36C2EC7A2C5FCBEE00EDF063 /* LaunchScreen.storyboard */ = {
			isa = PBXVariantGroup;
			children = (
				36C2EC7B2C5FCBEE00EDF063 /* Base */,
			);
			name = LaunchScreen.storyboard;
			sourceTree = "<group>";
		};
/* End PBXVariantGroup section */

/* Begin XCBuildConfiguration section */
		36C2EC7E2C5FCBEE00EDF063 /* Debug */ = {
			isa = XCBuildConfiguration;
			buildSettings = {
				ALWAYS_SEARCH_USER_PATHS = NO;
				ASSETCATALOG_COMPILER_GENERATE_SWIFT_ASSET_SYMBOL_EXTENSIONS = YES;
				CLANG_ANALYZER_NONNULL = YES;
				CLANG_ANALYZER_NUMBER_OBJECT_CONVERSION = YES_AGGRESSIVE;
				CLANG_CXX_LANGUAGE_STANDARD = "gnu++20";
				CLANG_ENABLE_MODULES = YES;
				CLANG_ENABLE_OBJC_ARC = YES;
				CLANG_ENABLE_OBJC_WEAK = YES;
				CLANG_WARN_BLOCK_CAPTURE_AUTORELEASING = YES;
				CLANG_WARN_BOOL_CONVERSION = YES;
				CLANG_WARN_COMMA = YES;
				CLANG_WARN_CONSTANT_CONVERSION = YES;
				CLANG_WARN_DEPRECATED_OBJC_IMPLEMENTATIONS = YES;
				CLANG_WARN_DIRECT_OBJC_ISA_USAGE = YES_ERROR;
				CLANG_WARN_DOCUMENTATION_COMMENTS = YES;
				CLANG_WARN_EMPTY_BODY = YES;
				CLANG_WARN_ENUM_CONVERSION = YES;
				CLANG_WARN_INFINITE_RECURSION = YES;
				CLANG_WARN_INT_CONVERSION = YES;
				CLANG_WARN_NON_LITERAL_NULL_CONVERSION = YES;
				CLANG_WARN_OBJC_IMPLICIT_RETAIN_SELF = YES;
				CLANG_WARN_OBJC_LITERAL_CONVERSION = YES;
				CLANG_WARN_OBJC_ROOT_CLASS = YES_ERROR;
				CLANG_WARN_QUOTED_INCLUDE_IN_FRAMEWORK_HEADER = YES;
				CLANG_WARN_RANGE_LOOP_ANALYSIS = YES;
				CLANG_WARN_STRICT_PROTOTYPES = YES;
				CLANG_WARN_SUSPICIOUS_MOVE = YES;
				CLANG_WARN_UNGUARDED_AVAILABILITY = YES_AGGRESSIVE;
				CLANG_WARN_UNREACHABLE_CODE = YES;
				CLANG_WARN__DUPLICATE_METHOD_MATCH = YES;
				COPY_PHASE_STRIP = NO;
				DEBUG_INFORMATION_FORMAT = dwarf;
				ENABLE_STRICT_OBJC_MSGSEND = YES;
				ENABLE_TESTABILITY = YES;
				ENABLE_USER_SCRIPT_SANDBOXING = YES;
				GCC_C_LANGUAGE_STANDARD = gnu17;
				GCC_DYNAMIC_NO_PIC = NO;
				GCC_NO_COMMON_BLOCKS = YES;
				GCC_OPTIMIZATION_LEVEL = 0;
				GCC_PREPROCESSOR_DEFINITIONS = (
					"DEBUG=1",
					"$(inherited)",
				);
				GCC_WARN_64_TO_32_BIT_CONVERSION = YES;
				GCC_WARN_ABOUT_RETURN_TYPE = YES_ERROR;
				GCC_WARN_UNDECLARED_SELECTOR = YES;
				GCC_WARN_UNINITIALIZED_AUTOS = YES_AGGRESSIVE;
				GCC_WARN_UNUSED_FUNCTION = YES;
				GCC_WARN_UNUSED_VARIABLE = YES;
				IPHONEOS_DEPLOYMENT_TARGET = 17.4;
				LOCALIZATION_PREFERS_STRING_CATALOGS = YES;
				MTL_ENABLE_DEBUG_INFO = INCLUDE_SOURCE;
				MTL_FAST_MATH = YES;
				ONLY_ACTIVE_ARCH = YES;
				SDKROOT = iphoneos;
				SWIFT_ACTIVE_COMPILATION_CONDITIONS = "DEBUG $(inherited)";
				SWIFT_OPTIMIZATION_LEVEL = "-Onone";
			};
			name = Debug;
		};
		36C2EC7F2C5FCBEE00EDF063 /* Release */ = {
			isa = XCBuildConfiguration;
			buildSettings = {
				ALWAYS_SEARCH_USER_PATHS = NO;
				ASSETCATALOG_COMPILER_GENERATE_SWIFT_ASSET_SYMBOL_EXTENSIONS = YES;
				CLANG_ANALYZER_NONNULL = YES;
				CLANG_ANALYZER_NUMBER_OBJECT_CONVERSION = YES_AGGRESSIVE;
				CLANG_CXX_LANGUAGE_STANDARD = "gnu++20";
				CLANG_ENABLE_MODULES = YES;
				CLANG_ENABLE_OBJC_ARC = YES;
				CLANG_ENABLE_OBJC_WEAK = YES;
				CLANG_WARN_BLOCK_CAPTURE_AUTORELEASING = YES;
				CLANG_WARN_BOOL_CONVERSION = YES;
				CLANG_WARN_COMMA = YES;
				CLANG_WARN_CONSTANT_CONVERSION = YES;
				CLANG_WARN_DEPRECATED_OBJC_IMPLEMENTATIONS = YES;
				CLANG_WARN_DIRECT_OBJC_ISA_USAGE = YES_ERROR;
				CLANG_WARN_DOCUMENTATION_COMMENTS = YES;
				CLANG_WARN_EMPTY_BODY = YES;
				CLANG_WARN_ENUM_CONVERSION = YES;
				CLANG_WARN_INFINITE_RECURSION = YES;
				CLANG_WARN_INT_CONVERSION = YES;
				CLANG_WARN_NON_LITERAL_NULL_CONVERSION = YES;
				CLANG_WARN_OBJC_IMPLICIT_RETAIN_SELF = YES;
				CLANG_WARN_OBJC_LITERAL_CONVERSION = YES;
				CLANG_WARN_OBJC_ROOT_CLASS = YES_ERROR;
				CLANG_WARN_QUOTED_INCLUDE_IN_FRAMEWORK_HEADER = YES;
				CLANG_WARN_RANGE_LOOP_ANALYSIS = YES;
				CLANG_WARN_STRICT_PROTOTYPES = YES;
				CLANG_WARN_SUSPICIOUS_MOVE = YES;
				CLANG_WARN_UNGUARDED_AVAILABILITY = YES_AGGRESSIVE;
				CLANG_WARN_UNREACHABLE_CODE = YES;
				CLANG_WARN__DUPLICATE_METHOD_MATCH = YES;
				COPY_PHASE_STRIP = NO;
				DEBUG_INFORMATION_FORMAT = "dwarf-with-dsym";
				ENABLE_NS_ASSERTIONS = NO;
				ENABLE_STRICT_OBJC_MSGSEND = YES;
				ENABLE_USER_SCRIPT_SANDBOXING = YES;
				GCC_C_LANGUAGE_STANDARD = gnu17;
				GCC_NO_COMMON_BLOCKS = YES;
				GCC_WARN_64_TO_32_BIT_CONVERSION = YES;
				GCC_WARN_ABOUT_RETURN_TYPE = YES_ERROR;
				GCC_WARN_UNDECLARED_SELECTOR = YES;
				GCC_WARN_UNINITIALIZED_AUTOS = YES_AGGRESSIVE;
				GCC_WARN_UNUSED_FUNCTION = YES;
				GCC_WARN_UNUSED_VARIABLE = YES;
				IPHONEOS_DEPLOYMENT_TARGET = 17.4;
				LOCALIZATION_PREFERS_STRING_CATALOGS = YES;
				MTL_ENABLE_DEBUG_INFO = NO;
				MTL_FAST_MATH = YES;
				SDKROOT = iphoneos;
				SWIFT_COMPILATION_MODE = wholemodule;
				VALIDATE_PRODUCT = YES;
			};
			name = Release;
		};
		36C2EC812C5FCBEE00EDF063 /* Debug */ = {
			isa = XCBuildConfiguration;
			buildSettings = {
				ASSETCATALOG_COMPILER_APPICON_NAME = AppIcon;
				ASSETCATALOG_COMPILER_GLOBAL_ACCENT_COLOR_NAME = AccentColor;
				CODE_SIGN_STYLE = Automatic;
				CURRENT_PROJECT_VERSION = 1;
				DEVELOPMENT_TEAM = 4PWXK2XHJ9;
				GENERATE_INFOPLIST_FILE = YES;
				INFOPLIST_FILE = MyBooks/Supports/Info.plist;
				INFOPLIST_KEY_UIApplicationSupportsIndirectInputEvents = YES;
				INFOPLIST_KEY_UILaunchStoryboardName = LaunchScreen;
				INFOPLIST_KEY_UIMainStoryboardFile = Main;
				INFOPLIST_KEY_UISupportedInterfaceOrientations = UIInterfaceOrientationPortrait;
				INFOPLIST_KEY_UISupportedInterfaceOrientations_iPad = "UIInterfaceOrientationLandscapeLeft UIInterfaceOrientationLandscapeRight UIInterfaceOrientationPortrait UIInterfaceOrientationPortraitUpsideDown";
				LD_RUNPATH_SEARCH_PATHS = (
					"$(inherited)",
					"@executable_path/Frameworks",
				);
				MARKETING_VERSION = 1.0;
				PRODUCT_BUNDLE_IDENTIFIER = com.canguldev.MyBooks;
				PRODUCT_NAME = "$(TARGET_NAME)";
				SUPPORTED_PLATFORMS = "iphoneos iphonesimulator";
				SUPPORTS_MACCATALYST = NO;
				SUPPORTS_MAC_DESIGNED_FOR_IPHONE_IPAD = NO;
				SUPPORTS_XR_DESIGNED_FOR_IPHONE_IPAD = NO;
				SWIFT_EMIT_LOC_STRINGS = YES;
				SWIFT_VERSION = 5.0;
				TARGETED_DEVICE_FAMILY = 1;
			};
			name = Debug;
		};
		36C2EC822C5FCBEE00EDF063 /* Release */ = {
			isa = XCBuildConfiguration;
			buildSettings = {
				ASSETCATALOG_COMPILER_APPICON_NAME = AppIcon;
				ASSETCATALOG_COMPILER_GLOBAL_ACCENT_COLOR_NAME = AccentColor;
				CODE_SIGN_STYLE = Automatic;
				CURRENT_PROJECT_VERSION = 1;
				DEVELOPMENT_TEAM = 4PWXK2XHJ9;
				GENERATE_INFOPLIST_FILE = YES;
				INFOPLIST_FILE = MyBooks/Supports/Info.plist;
				INFOPLIST_KEY_UIApplicationSupportsIndirectInputEvents = YES;
				INFOPLIST_KEY_UILaunchStoryboardName = LaunchScreen;
				INFOPLIST_KEY_UIMainStoryboardFile = Main;
				INFOPLIST_KEY_UISupportedInterfaceOrientations = UIInterfaceOrientationPortrait;
				INFOPLIST_KEY_UISupportedInterfaceOrientations_iPad = "UIInterfaceOrientationLandscapeLeft UIInterfaceOrientationLandscapeRight UIInterfaceOrientationPortrait UIInterfaceOrientationPortraitUpsideDown";
				LD_RUNPATH_SEARCH_PATHS = (
					"$(inherited)",
					"@executable_path/Frameworks",
				);
				MARKETING_VERSION = 1.0;
				PRODUCT_BUNDLE_IDENTIFIER = com.canguldev.MyBooks;
				PRODUCT_NAME = "$(TARGET_NAME)";
				SUPPORTED_PLATFORMS = "iphoneos iphonesimulator";
				SUPPORTS_MACCATALYST = NO;
				SUPPORTS_MAC_DESIGNED_FOR_IPHONE_IPAD = NO;
				SUPPORTS_XR_DESIGNED_FOR_IPHONE_IPAD = NO;
				SWIFT_EMIT_LOC_STRINGS = YES;
				SWIFT_VERSION = 5.0;
				TARGETED_DEVICE_FAMILY = 1;
			};
			name = Release;
		};
/* End XCBuildConfiguration section */

/* Begin XCConfigurationList section */
		36C2EC642C5FCBED00EDF063 /* Build configuration list for PBXProject "MyBooks" */ = {
			isa = XCConfigurationList;
			buildConfigurations = (
				36C2EC7E2C5FCBEE00EDF063 /* Debug */,
				36C2EC7F2C5FCBEE00EDF063 /* Release */,
			);
			defaultConfigurationIsVisible = 0;
			defaultConfigurationName = Release;
		};
		36C2EC802C5FCBEE00EDF063 /* Build configuration list for PBXNativeTarget "MyBooks" */ = {
			isa = XCConfigurationList;
			buildConfigurations = (
				36C2EC812C5FCBEE00EDF063 /* Debug */,
				36C2EC822C5FCBEE00EDF063 /* Release */,
			);
			defaultConfigurationIsVisible = 0;
			defaultConfigurationName = Release;
		};
/* End XCConfigurationList section */

/* Begin XCVersionGroup section */
		36C2EC752C5FCBED00EDF063 /* MyBooks.xcdatamodeld */ = {
			isa = XCVersionGroup;
			children = (
				36C2EC762C5FCBED00EDF063 /* MyBooks.xcdatamodel */,
			);
			currentVersion = 36C2EC762C5FCBED00EDF063 /* MyBooks.xcdatamodel */;
			path = MyBooks.xcdatamodeld;
			sourceTree = "<group>";
			versionGroupType = wrapper.xcdatamodel;
		};
/* End XCVersionGroup section */
	};
	rootObject = 36C2EC612C5FCBED00EDF063 /* Project object */;
}
